// !$*UTF8*$!
{
	archiveVersion = 1;
	classes = {
	};
	objectVersion = 50;
	objects = {

/* Begin PBXBuildFile section */
		14B0F8BA23A2C50E00C0CF94 /* Cidade.swift in Sources */ = {isa = PBXBuildFile; fileRef = 14B0F8B923A2C50E00C0CF94 /* Cidade.swift */; };
		14ED2D2B23A2A3E8006432DF /* AppDelegate.swift in Sources */ = {isa = PBXBuildFile; fileRef = 14ED2D2A23A2A3E8006432DF /* AppDelegate.swift */; };
		14ED2D2D23A2A3E8006432DF /* MapsViewController.swift in Sources */ = {isa = PBXBuildFile; fileRef = 14ED2D2C23A2A3E8006432DF /* MapsViewController.swift */; };
		14ED2D3023A2A3E8006432DF /* Main.storyboard in Resources */ = {isa = PBXBuildFile; fileRef = 14ED2D2E23A2A3E8006432DF /* Main.storyboard */; };
		14ED2D3323A2A3E9006432DF /* Minhas_Viagens.xcdatamodeld in Sources */ = {isa = PBXBuildFile; fileRef = 14ED2D3123A2A3E9006432DF /* Minhas_Viagens.xcdatamodeld */; };
		14ED2D3523A2A3F0006432DF /* Assets.xcassets in Resources */ = {isa = PBXBuildFile; fileRef = 14ED2D3423A2A3F0006432DF /* Assets.xcassets */; };
		14ED2D3823A2A3F0006432DF /* LaunchScreen.storyboard in Resources */ = {isa = PBXBuildFile; fileRef = 14ED2D3623A2A3F0006432DF /* LaunchScreen.storyboard */; };
		14ED2D4023A2A457006432DF /* GoogleMapsBase.framework in Frameworks */ = {isa = PBXBuildFile; fileRef = 14ED2D3F23A2A457006432DF /* GoogleMapsBase.framework */; };
		14ED2D4223A2A470006432DF /* GoogleMaps.framework in Frameworks */ = {isa = PBXBuildFile; fileRef = 14ED2D4123A2A470006432DF /* GoogleMaps.framework */; };
		14ED2D4423A2A47C006432DF /* GoogleMapsCore.framework in Frameworks */ = {isa = PBXBuildFile; fileRef = 14ED2D4323A2A47C006432DF /* GoogleMapsCore.framework */; };
		14ED2D4623A2A4C1006432DF /* GoogleMaps.bundle in Resources */ = {isa = PBXBuildFile; fileRef = 14ED2D4523A2A4C1006432DF /* GoogleMaps.bundle */; };
		14ED2D4923A2A597006432DF /* Accelerate.framework in Frameworks */ = {isa = PBXBuildFile; fileRef = 14ED2D4823A2A597006432DF /* Accelerate.framework */; };
		14ED2D4B23A2A5A2006432DF /* CoreData.framework in Frameworks */ = {isa = PBXBuildFile; fileRef = 14ED2D4A23A2A5A2006432DF /* CoreData.framework */; };
		14ED2D4D23A2A5BD006432DF /* CoreGraphics.framework in Frameworks */ = {isa = PBXBuildFile; fileRef = 14ED2D4C23A2A5BD006432DF /* CoreGraphics.framework */; };
		14ED2D4F23A2A5CA006432DF /* CoreImage.framework in Frameworks */ = {isa = PBXBuildFile; fileRef = 14ED2D4E23A2A5CA006432DF /* CoreImage.framework */; };
		14ED2D5123A2A5EB006432DF /* CoreLocation.framework in Frameworks */ = {isa = PBXBuildFile; fileRef = 14ED2D5023A2A5EB006432DF /* CoreLocation.framework */; };
		14ED2D5323A2A60B006432DF /* CoreTelephony.framework in Frameworks */ = {isa = PBXBuildFile; fileRef = 14ED2D5223A2A60B006432DF /* CoreTelephony.framework */; };
		14ED2D5523A2A622006432DF /* CoreText.framework in Frameworks */ = {isa = PBXBuildFile; fileRef = 14ED2D5423A2A622006432DF /* CoreText.framework */; };
		14ED2D5723A2A643006432DF /* GLKit.framework in Frameworks */ = {isa = PBXBuildFile; fileRef = 14ED2D5623A2A643006432DF /* GLKit.framework */; };
		14ED2D5923A2A660006432DF /* ImageIO.framework in Frameworks */ = {isa = PBXBuildFile; fileRef = 14ED2D5823A2A660006432DF /* ImageIO.framework */; };
		14ED2D5B23A2A66E006432DF /* libc++.tbd in Frameworks */ = {isa = PBXBuildFile; fileRef = 14ED2D5A23A2A66E006432DF /* libc++.tbd */; };
		14ED2D5D23A2A690006432DF /* libz.tbd in Frameworks */ = {isa = PBXBuildFile; fileRef = 14ED2D5C23A2A690006432DF /* libz.tbd */; };
		14ED2D5F23A2A6A3006432DF /* OpenGLES.framework in Frameworks */ = {isa = PBXBuildFile; fileRef = 14ED2D5E23A2A6A3006432DF /* OpenGLES.framework */; };
		14ED2D6123A2A6B0006432DF /* QuartzCore.framework in Frameworks */ = {isa = PBXBuildFile; fileRef = 14ED2D6023A2A6B0006432DF /* QuartzCore.framework */; };
		14ED2D6323A2A6C1006432DF /* SystemConfiguration.framework in Frameworks */ = {isa = PBXBuildFile; fileRef = 14ED2D6223A2A6C1006432DF /* SystemConfiguration.framework */; };
		14ED2D6523A2A6CF006432DF /* UIKit.framework in Frameworks */ = {isa = PBXBuildFile; fileRef = 14ED2D6423A2A6CF006432DF /* UIKit.framework */; };
		14ED2D6A23A2B27B006432DF /* FormularioViewController.swift in Sources */ = {isa = PBXBuildFile; fileRef = 14ED2D6923A2B27B006432DF /* FormularioViewController.swift */; };
/* End PBXBuildFile section */

/* Begin PBXFileReference section */
		14B0F8B923A2C50E00C0CF94 /* Cidade.swift */ = {isa = PBXFileReference; lastKnownFileType = sourcecode.swift; path = Cidade.swift; sourceTree = "<group>"; };
		14ED2D2723A2A3E8006432DF /* Minhas Viagens.app */ = {isa = PBXFileReference; explicitFileType = wrapper.application; includeInIndex = 0; path = "Minhas Viagens.app"; sourceTree = BUILT_PRODUCTS_DIR; };
		14ED2D2A23A2A3E8006432DF /* AppDelegate.swift */ = {isa = PBXFileReference; lastKnownFileType = sourcecode.swift; path = AppDelegate.swift; sourceTree = "<group>"; };
		14ED2D2C23A2A3E8006432DF /* MapsViewController.swift */ = {isa = PBXFileReference; lastKnownFileType = sourcecode.swift; path = MapsViewController.swift; sourceTree = "<group>"; };
		14ED2D2F23A2A3E8006432DF /* Base */ = {isa = PBXFileReference; lastKnownFileType = file.storyboard; name = Base; path = Base.lproj/Main.storyboard; sourceTree = "<group>"; };
		14ED2D3223A2A3E9006432DF /* Minhas_Viagens.xcdatamodel */ = {isa = PBXFileReference; lastKnownFileType = wrapper.xcdatamodel; path = Minhas_Viagens.xcdatamodel; sourceTree = "<group>"; };
		14ED2D3423A2A3F0006432DF /* Assets.xcassets */ = {isa = PBXFileReference; lastKnownFileType = folder.assetcatalog; path = Assets.xcassets; sourceTree = "<group>"; };
		14ED2D3723A2A3F0006432DF /* Base */ = {isa = PBXFileReference; lastKnownFileType = file.storyboard; name = Base; path = Base.lproj/LaunchScreen.storyboard; sourceTree = "<group>"; };
		14ED2D3923A2A3F0006432DF /* Info.plist */ = {isa = PBXFileReference; lastKnownFileType = text.plist.xml; path = Info.plist; sourceTree = "<group>"; };
		14ED2D3F23A2A457006432DF /* GoogleMapsBase.framework */ = {isa = PBXFileReference; lastKnownFileType = wrapper.framework; path = GoogleMapsBase.framework; sourceTree = "<group>"; };
		14ED2D4123A2A470006432DF /* GoogleMaps.framework */ = {isa = PBXFileReference; lastKnownFileType = wrapper.framework; path = GoogleMaps.framework; sourceTree = "<group>"; };
		14ED2D4323A2A47C006432DF /* GoogleMapsCore.framework */ = {isa = PBXFileReference; lastKnownFileType = wrapper.framework; path = GoogleMapsCore.framework; sourceTree = "<group>"; };
		14ED2D4523A2A4C1006432DF /* GoogleMaps.bundle */ = {isa = PBXFileReference; lastKnownFileType = "wrapper.plug-in"; name = GoogleMaps.bundle; path = GoogleMaps.framework/Resources/GoogleMaps.bundle; sourceTree = "<group>"; };
		14ED2D4823A2A597006432DF /* Accelerate.framework */ = {isa = PBXFileReference; lastKnownFileType = wrapper.framework; name = Accelerate.framework; path = System/Library/Frameworks/Accelerate.framework; sourceTree = SDKROOT; };
		14ED2D4A23A2A5A2006432DF /* CoreData.framework */ = {isa = PBXFileReference; lastKnownFileType = wrapper.framework; name = CoreData.framework; path = System/Library/Frameworks/CoreData.framework; sourceTree = SDKROOT; };
		14ED2D4C23A2A5BD006432DF /* CoreGraphics.framework */ = {isa = PBXFileReference; lastKnownFileType = wrapper.framework; name = CoreGraphics.framework; path = System/Library/Frameworks/CoreGraphics.framework; sourceTree = SDKROOT; };
		14ED2D4E23A2A5CA006432DF /* CoreImage.framework */ = {isa = PBXFileReference; lastKnownFileType = wrapper.framework; name = CoreImage.framework; path = System/Library/Frameworks/CoreImage.framework; sourceTree = SDKROOT; };
		14ED2D5023A2A5EB006432DF /* CoreLocation.framework */ = {isa = PBXFileReference; lastKnownFileType = wrapper.framework; name = CoreLocation.framework; path = System/Library/Frameworks/CoreLocation.framework; sourceTree = SDKROOT; };
		14ED2D5223A2A60B006432DF /* CoreTelephony.framework */ = {isa = PBXFileReference; lastKnownFileType = wrapper.framework; name = CoreTelephony.framework; path = System/Library/Frameworks/CoreTelephony.framework; sourceTree = SDKROOT; };
		14ED2D5423A2A622006432DF /* CoreText.framework */ = {isa = PBXFileReference; lastKnownFileType = wrapper.framework; name = CoreText.framework; path = System/Library/Frameworks/CoreText.framework; sourceTree = SDKROOT; };
		14ED2D5623A2A643006432DF /* GLKit.framework */ = {isa = PBXFileReference; lastKnownFileType = wrapper.framework; name = GLKit.framework; path = System/Library/Frameworks/GLKit.framework; sourceTree = SDKROOT; };
		14ED2D5823A2A660006432DF /* ImageIO.framework */ = {isa = PBXFileReference; lastKnownFileType = wrapper.framework; name = ImageIO.framework; path = System/Library/Frameworks/ImageIO.framework; sourceTree = SDKROOT; };
		14ED2D5A23A2A66E006432DF /* libc++.tbd */ = {isa = PBXFileReference; lastKnownFileType = "sourcecode.text-based-dylib-definition"; name = "libc++.tbd"; path = "usr/lib/libc++.tbd"; sourceTree = SDKROOT; };
		14ED2D5C23A2A690006432DF /* libz.tbd */ = {isa = PBXFileReference; lastKnownFileType = "sourcecode.text-based-dylib-definition"; name = libz.tbd; path = usr/lib/libz.tbd; sourceTree = SDKROOT; };
		14ED2D5E23A2A6A3006432DF /* OpenGLES.framework */ = {isa = PBXFileReference; lastKnownFileType = wrapper.framework; name = OpenGLES.framework; path = System/Library/Frameworks/OpenGLES.framework; sourceTree = SDKROOT; };
		14ED2D6023A2A6B0006432DF /* QuartzCore.framework */ = {isa = PBXFileReference; lastKnownFileType = wrapper.framework; name = QuartzCore.framework; path = System/Library/Frameworks/QuartzCore.framework; sourceTree = SDKROOT; };
		14ED2D6223A2A6C1006432DF /* SystemConfiguration.framework */ = {isa = PBXFileReference; lastKnownFileType = wrapper.framework; name = SystemConfiguration.framework; path = System/Library/Frameworks/SystemConfiguration.framework; sourceTree = SDKROOT; };
		14ED2D6423A2A6CF006432DF /* UIKit.framework */ = {isa = PBXFileReference; lastKnownFileType = wrapper.framework; name = UIKit.framework; path = System/Library/Frameworks/UIKit.framework; sourceTree = SDKROOT; };
		14ED2D6923A2B27B006432DF /* FormularioViewController.swift */ = {isa = PBXFileReference; lastKnownFileType = sourcecode.swift; path = FormularioViewController.swift; sourceTree = "<group>"; };
/* End PBXFileReference section */

/* Begin PBXFrameworksBuildPhase section */
		14ED2D2423A2A3E8006432DF /* Frameworks */ = {
			isa = PBXFrameworksBuildPhase;
			buildActionMask = 2147483647;
			files = (
				14ED2D6523A2A6CF006432DF /* UIKit.framework in Frameworks */,
				14ED2D6323A2A6C1006432DF /* SystemConfiguration.framework in Frameworks */,
				14ED2D6123A2A6B0006432DF /* QuartzCore.framework in Frameworks */,
				14ED2D5F23A2A6A3006432DF /* OpenGLES.framework in Frameworks */,
				14ED2D5D23A2A690006432DF /* libz.tbd in Frameworks */,
				14ED2D5B23A2A66E006432DF /* libc++.tbd in Frameworks */,
				14ED2D5923A2A660006432DF /* ImageIO.framework in Frameworks */,
				14ED2D5723A2A643006432DF /* GLKit.framework in Frameworks */,
				14ED2D5523A2A622006432DF /* CoreText.framework in Frameworks */,
				14ED2D5323A2A60B006432DF /* CoreTelephony.framework in Frameworks */,
				14ED2D5123A2A5EB006432DF /* CoreLocation.framework in Frameworks */,
				14ED2D4F23A2A5CA006432DF /* CoreImage.framework in Frameworks */,
				14ED2D4D23A2A5BD006432DF /* CoreGraphics.framework in Frameworks */,
				14ED2D4B23A2A5A2006432DF /* CoreData.framework in Frameworks */,
				14ED2D4923A2A597006432DF /* Accelerate.framework in Frameworks */,
				14ED2D4223A2A470006432DF /* GoogleMaps.framework in Frameworks */,
				14ED2D4423A2A47C006432DF /* GoogleMapsCore.framework in Frameworks */,
				14ED2D4023A2A457006432DF /* GoogleMapsBase.framework in Frameworks */,
			);
			runOnlyForDeploymentPostprocessing = 0;
		};
/* End PBXFrameworksBuildPhase section */

/* Begin PBXGroup section */
		14ED2D1E23A2A3E8006432DF = {
			isa = PBXGroup;
			children = (
				14ED2D4523A2A4C1006432DF /* GoogleMaps.bundle */,
				14ED2D4323A2A47C006432DF /* GoogleMapsCore.framework */,
				14ED2D4123A2A470006432DF /* GoogleMaps.framework */,
				14ED2D3F23A2A457006432DF /* GoogleMapsBase.framework */,
				14ED2D2923A2A3E8006432DF /* Minhas Viagens */,
				14ED2D2823A2A3E8006432DF /* Products */,
				14ED2D4723A2A597006432DF /* Frameworks */,
			);
			sourceTree = "<group>";
		};
		14ED2D2823A2A3E8006432DF /* Products */ = {
			isa = PBXGroup;
			children = (
				14ED2D2723A2A3E8006432DF /* Minhas Viagens.app */,
			);
			name = Products;
			sourceTree = "<group>";
		};
		14ED2D2923A2A3E8006432DF /* Minhas Viagens */ = {
			isa = PBXGroup;
			children = (
				14ED2D6823A2B20C006432DF /* Controller */,
				14ED2D6723A2B207006432DF /* View */,
				14ED2D6623A2B1FA006432DF /* Model */,
				14ED2D2A23A2A3E8006432DF /* AppDelegate.swift */,
				14ED2D3423A2A3F0006432DF /* Assets.xcassets */,
				14ED2D3623A2A3F0006432DF /* LaunchScreen.storyboard */,
				14ED2D3923A2A3F0006432DF /* Info.plist */,
				14ED2D3123A2A3E9006432DF /* Minhas_Viagens.xcdatamodeld */,
			);
			path = "Minhas Viagens";
			sourceTree = "<group>";
		};
		14ED2D4723A2A597006432DF /* Frameworks */ = {
			isa = PBXGroup;
			children = (
				14ED2D6423A2A6CF006432DF /* UIKit.framework */,
				14ED2D6223A2A6C1006432DF /* SystemConfiguration.framework */,
				14ED2D6023A2A6B0006432DF /* QuartzCore.framework */,
				14ED2D5E23A2A6A3006432DF /* OpenGLES.framework */,
				14ED2D5C23A2A690006432DF /* libz.tbd */,
				14ED2D5A23A2A66E006432DF /* libc++.tbd */,
				14ED2D5823A2A660006432DF /* ImageIO.framework */,
				14ED2D5623A2A643006432DF /* GLKit.framework */,
				14ED2D5423A2A622006432DF /* CoreText.framework */,
				14ED2D5223A2A60B006432DF /* CoreTelephony.framework */,
				14ED2D5023A2A5EB006432DF /* CoreLocation.framework */,
				14ED2D4E23A2A5CA006432DF /* CoreImage.framework */,
				14ED2D4C23A2A5BD006432DF /* CoreGraphics.framework */,
				14ED2D4A23A2A5A2006432DF /* CoreData.framework */,
				14ED2D4823A2A597006432DF /* Accelerate.framework */,
			);
			name = Frameworks;
			sourceTree = "<group>";
		};
		14ED2D6623A2B1FA006432DF /* Model */ = {
			isa = PBXGroup;
			children = (
				14B0F8B923A2C50E00C0CF94 /* Cidade.swift */,
			);
			path = Model;
			sourceTree = "<group>";
		};
		14ED2D6723A2B207006432DF /* View */ = {
			isa = PBXGroup;
			children = (
				14ED2D2E23A2A3E8006432DF /* Main.storyboard */,
			);
			path = View;
			sourceTree = "<group>";
		};
		14ED2D6823A2B20C006432DF /* Controller */ = {
			isa = PBXGroup;
			children = (
				14ED2D2C23A2A3E8006432DF /* MapsViewController.swift */,
				14ED2D6923A2B27B006432DF /* FormularioViewController.swift */,
			);
			path = Controller;
			sourceTree = "<group>";
		};
/* End PBXGroup section */

/* Begin PBXNativeTarget section */
		14ED2D2623A2A3E8006432DF /* Minhas Viagens */ = {
			isa = PBXNativeTarget;
			buildConfigurationList = 14ED2D3C23A2A3F0006432DF /* Build configuration list for PBXNativeTarget "Minhas Viagens" */;
			buildPhases = (
				14ED2D2323A2A3E8006432DF /* Sources */,
				14ED2D2423A2A3E8006432DF /* Frameworks */,
				14ED2D2523A2A3E8006432DF /* Resources */,
			);
			buildRules = (
			);
			dependencies = (
			);
			name = "Minhas Viagens";
			productName = "Minhas Viagens";
			productReference = 14ED2D2723A2A3E8006432DF /* Minhas Viagens.app */;
			productType = "com.apple.product-type.application";
		};
/* End PBXNativeTarget section */

/* Begin PBXProject section */
		14ED2D1F23A2A3E8006432DF /* Project object */ = {
			isa = PBXProject;
			attributes = {
				LastSwiftUpdateCheck = 1010;
				LastUpgradeCheck = 1010;
				ORGANIZATIONNAME = IFPB;
				TargetAttributes = {
					14ED2D2623A2A3E8006432DF = {
						CreatedOnToolsVersion = 10.1;
					};
				};
			};
			buildConfigurationList = 14ED2D2223A2A3E8006432DF /* Build configuration list for PBXProject "Minhas Viagens" */;
			compatibilityVersion = "Xcode 9.3";
			developmentRegion = en;
			hasScannedForEncodings = 0;
			knownRegions = (
				en,
				Base,
			);
			mainGroup = 14ED2D1E23A2A3E8006432DF;
			productRefGroup = 14ED2D2823A2A3E8006432DF /* Products */;
			projectDirPath = "";
			projectRoot = "";
			targets = (
				14ED2D2623A2A3E8006432DF /* Minhas Viagens */,
			);
		};
/* End PBXProject section */

/* Begin PBXResourcesBuildPhase section */
		14ED2D2523A2A3E8006432DF /* Resources */ = {
			isa = PBXResourcesBuildPhase;
			buildActionMask = 2147483647;
			files = (
				14ED2D3823A2A3F0006432DF /* LaunchScreen.storyboard in Resources */,
				14ED2D3523A2A3F0006432DF /* Assets.xcassets in Resources */,
				14ED2D3023A2A3E8006432DF /* Main.storyboard in Resources */,
				14ED2D4623A2A4C1006432DF /* GoogleMaps.bundle in Resources */,
			);
			runOnlyForDeploymentPostprocessing = 0;
		};
/* End PBXResourcesBuildPhase section */

/* Begin PBXSourcesBuildPhase section */
		14ED2D2323A2A3E8006432DF /* Sources */ = {
			isa = PBXSourcesBuildPhase;
			buildActionMask = 2147483647;
			files = (
				14ED2D6A23A2B27B006432DF /* FormularioViewController.swift in Sources */,
				14B0F8BA23A2C50E00C0CF94 /* Cidade.swift in Sources */,
				14ED2D2D23A2A3E8006432DF /* MapsViewController.swift in Sources */,
				14ED2D2B23A2A3E8006432DF /* AppDelegate.swift in Sources */,
				14ED2D3323A2A3E9006432DF /* Minhas_Viagens.xcdatamodeld in Sources */,
			);
			runOnlyForDeploymentPostprocessing = 0;
		};
/* End PBXSourcesBuildPhase section */

/* Begin PBXVariantGroup section */
		14ED2D2E23A2A3E8006432DF /* Main.storyboard */ = {
			isa = PBXVariantGroup;
			children = (
				14ED2D2F23A2A3E8006432DF /* Base */,
			);
			name = Main.storyboard;
			sourceTree = "<group>";
		};
		14ED2D3623A2A3F0006432DF /* LaunchScreen.storyboard */ = {
			isa = PBXVariantGroup;
			children = (
				14ED2D3723A2A3F0006432DF /* Base */,
			);
			name = LaunchScreen.storyboard;
			sourceTree = "<group>";
		};
/* End PBXVariantGroup section */

/* Begin XCBuildConfiguration section */
		14ED2D3A23A2A3F0006432DF /* Debug */ = {
			isa = XCBuildConfiguration;
			buildSettings = {
				ALWAYS_SEARCH_USER_PATHS = NO;
				CLANG_ANALYZER_NONNULL = YES;
				CLANG_ANALYZER_NUMBER_OBJECT_CONVERSION = YES_AGGRESSIVE;
				CLANG_CXX_LANGUAGE_STANDARD = "gnu++14";
				CLANG_CXX_LIBRARY = "libc++";
				CLANG_ENABLE_MODULES = YES;
				CLANG_ENABLE_OBJC_ARC = YES;
				CLANG_ENABLE_OBJC_WEAK = YES;
				CLANG_WARN_BLOCK_CAPTURE_AUTORELEASING = YES;
				CLANG_WARN_BOOL_CONVERSION = YES;
				CLANG_WARN_COMMA = YES;
				CLANG_WARN_CONSTANT_CONVERSION = YES;
				CLANG_WARN_DEPRECATED_OBJC_IMPLEMENTATIONS = YES;
				CLANG_WARN_DIRECT_OBJC_ISA_USAGE = YES_ERROR;
				CLANG_WARN_DOCUMENTATION_COMMENTS = YES;
				CLANG_WARN_EMPTY_BODY = YES;
				CLANG_WARN_ENUM_CONVERSION = YES;
				CLANG_WARN_INFINITE_RECURSION = YES;
				CLANG_WARN_INT_CONVERSION = YES;
				CLANG_WARN_NON_LITERAL_NULL_CONVERSION = YES;
				CLANG_WARN_OBJC_IMPLICIT_RETAIN_SELF = YES;
				CLANG_WARN_OBJC_LITERAL_CONVERSION = YES;
				CLANG_WARN_OBJC_ROOT_CLASS = YES_ERROR;
				CLANG_WARN_RANGE_LOOP_ANALYSIS = YES;
				CLANG_WARN_STRICT_PROTOTYPES = YES;
				CLANG_WARN_SUSPICIOUS_MOVE = YES;
				CLANG_WARN_UNGUARDED_AVAILABILITY = YES_AGGRESSIVE;
				CLANG_WARN_UNREACHABLE_CODE = YES;
				CLANG_WARN__DUPLICATE_METHOD_MATCH = YES;
				CODE_SIGN_IDENTITY = "iPhone Developer";
				COPY_PHASE_STRIP = NO;
				DEBUG_INFORMATION_FORMAT = dwarf;
				ENABLE_STRICT_OBJC_MSGSEND = YES;
				ENABLE_TESTABILITY = YES;
				GCC_C_LANGUAGE_STANDARD = gnu11;
				GCC_DYNAMIC_NO_PIC = NO;
				GCC_NO_COMMON_BLOCKS = YES;
				GCC_OPTIMIZATION_LEVEL = 0;
				GCC_PREPROCESSOR_DEFINITIONS = (
					"DEBUG=1",
					"$(inherited)",
				);
				GCC_WARN_64_TO_32_BIT_CONVERSION = YES;
				GCC_WARN_ABOUT_RETURN_TYPE = YES_ERROR;
				GCC_WARN_UNDECLARED_SELECTOR = YES;
				GCC_WARN_UNINITIALIZED_AUTOS = YES_AGGRESSIVE;
				GCC_WARN_UNUSED_FUNCTION = YES;
				GCC_WARN_UNUSED_VARIABLE = YES;
				IPHONEOS_DEPLOYMENT_TARGET = 12.1;
				MTL_ENABLE_DEBUG_INFO = INCLUDE_SOURCE;
				MTL_FAST_MATH = YES;
				ONLY_ACTIVE_ARCH = YES;
				SDKROOT = iphoneos;
				SWIFT_ACTIVE_COMPILATION_CONDITIONS = DEBUG;
				SWIFT_OPTIMIZATION_LEVEL = "-Onone";
			};
			name = Debug;
		};
		14ED2D3B23A2A3F0006432DF /* Release */ = {
			isa = XCBuildConfiguration;
			buildSettings = {
				ALWAYS_SEARCH_USER_PATHS = NO;
				CLANG_ANALYZER_NONNULL = YES;
				CLANG_ANALYZER_NUMBER_OBJECT_CONVERSION = YES_AGGRESSIVE;
				CLANG_CXX_LANGUAGE_STANDARD = "gnu++14";
				CLANG_CXX_LIBRARY = "libc++";
				CLANG_ENABLE_MODULES = YES;
				CLANG_ENABLE_OBJC_ARC = YES;
				CLANG_ENABLE_OBJC_WEAK = YES;
				CLANG_WARN_BLOCK_CAPTURE_AUTORELEASING = YES;
				CLANG_WARN_BOOL_CONVERSION = YES;
				CLANG_WARN_COMMA = YES;
				CLANG_WARN_CONSTANT_CONVERSION = YES;
				CLANG_WARN_DEPRECATED_OBJC_IMPLEMENTATIONS = YES;
				CLANG_WARN_DIRECT_OBJC_ISA_USAGE = YES_ERROR;
				CLANG_WARN_DOCUMENTATION_COMMENTS = YES;
				CLANG_WARN_EMPTY_BODY = YES;
				CLANG_WARN_ENUM_CONVERSION = YES;
				CLANG_WARN_INFINITE_RECURSION = YES;
				CLANG_WARN_INT_CONVERSION = YES;
				CLANG_WARN_NON_LITERAL_NULL_CONVERSION = YES;
				CLANG_WARN_OBJC_IMPLICIT_RETAIN_SELF = YES;
				CLANG_WARN_OBJC_LITERAL_CONVERSION = YES;
				CLANG_WARN_OBJC_ROOT_CLASS = YES_ERROR;
				CLANG_WARN_RANGE_LOOP_ANALYSIS = YES;
				CLANG_WARN_STRICT_PROTOTYPES = YES;
				CLANG_WARN_SUSPICIOUS_MOVE = YES;
				CLANG_WARN_UNGUARDED_AVAILABILITY = YES_AGGRESSIVE;
				CLANG_WARN_UNREACHABLE_CODE = YES;
				CLANG_WARN__DUPLICATE_METHOD_MATCH = YES;
				CODE_SIGN_IDENTITY = "iPhone Developer";
				COPY_PHASE_STRIP = NO;
				DEBUG_INFORMATION_FORMAT = "dwarf-with-dsym";
				ENABLE_NS_ASSERTIONS = NO;
				ENABLE_STRICT_OBJC_MSGSEND = YES;
				GCC_C_LANGUAGE_STANDARD = gnu11;
				GCC_NO_COMMON_BLOCKS = YES;
				GCC_WARN_64_TO_32_BIT_CONVERSION = YES;
				GCC_WARN_ABOUT_RETURN_TYPE = YES_ERROR;
				GCC_WARN_UNDECLARED_SELECTOR = YES;
				GCC_WARN_UNINITIALIZED_AUTOS = YES_AGGRESSIVE;
				GCC_WARN_UNUSED_FUNCTION = YES;
				GCC_WARN_UNUSED_VARIABLE = YES;
				IPHONEOS_DEPLOYMENT_TARGET = 12.1;
				MTL_ENABLE_DEBUG_INFO = NO;
				MTL_FAST_MATH = YES;
				"OTHER_LDFLAGS[arch=*]" = "-ObjC";
				SDKROOT = iphoneos;
				SWIFT_COMPILATION_MODE = wholemodule;
				SWIFT_OPTIMIZATION_LEVEL = "-O";
				VALIDATE_PRODUCT = YES;
			};
			name = Release;
		};
		14ED2D3D23A2A3F0006432DF /* Debug */ = {
			isa = XCBuildConfiguration;
			buildSettings = {
				ASSETCATALOG_COMPILER_APPICON_NAME = AppIcon;
				CODE_SIGN_STYLE = Automatic;
				FRAMEWORK_SEARCH_PATHS = (
					"$(inherited)",
					"$(PROJECT_DIR)",
				);
				INFOPLIST_FILE = "Minhas Viagens/Info.plist";
				LD_RUNPATH_SEARCH_PATHS = (
					"$(inherited)",
					"@executable_path/Frameworks",
				);
				PRODUCT_BUNDLE_IDENTIFIER = "br.edu.ifpb.Minhas-Viagens";
				PRODUCT_NAME = "$(TARGET_NAME)";
				SWIFT_VERSION = 4.2;
				TARGETED_DEVICE_FAMILY = "1,2";
			};
			name = Debug;
		};
		14ED2D3E23A2A3F0006432DF /* Release */ = {
			isa = XCBuildConfiguration;
			buildSettings = {
				ASSETCATALOG_COMPILER_APPICON_NAME = AppIcon;
				CODE_SIGN_STYLE = Automatic;
				FRAMEWORK_SEARCH_PATHS = (
					"$(inherited)",
					"$(PROJECT_DIR)",
				);
				INFOPLIST_FILE = "Minhas Viagens/Info.plist";
				LD_RUNPATH_SEARCH_PATHS = (
					"$(inherited)",
					"@executable_path/Frameworks",
				);
				PRODUCT_BUNDLE_IDENTIFIER = "br.edu.ifpb.Minhas-Viagens";
				PRODUCT_NAME = "$(TARGET_NAME)";
				SWIFT_VERSION = 4.2;
				TARGETED_DEVICE_FAMILY = "1,2";
			};
			name = Release;
		};
/* End XCBuildConfiguration section */

/* Begin XCConfigurationList section */
		14ED2D2223A2A3E8006432DF /* Build configuration list for PBXProject "Minhas Viagens" */ = {
			isa = XCConfigurationList;
			buildConfigurations = (
				14ED2D3A23A2A3F0006432DF /* Debug */,
				14ED2D3B23A2A3F0006432DF /* Release */,
			);
			defaultConfigurationIsVisible = 0;
			defaultConfigurationName = Release;
		};
		14ED2D3C23A2A3F0006432DF /* Build configuration list for PBXNativeTarget "Minhas Viagens" */ = {
			isa = XCConfigurationList;
			buildConfigurations = (
				14ED2D3D23A2A3F0006432DF /* Debug */,
				14ED2D3E23A2A3F0006432DF /* Release */,
			);
			defaultConfigurationIsVisible = 0;
			defaultConfigurationName = Release;
		};
/* End XCConfigurationList section */

/* Begin XCVersionGroup section */
		14ED2D3123A2A3E9006432DF /* Minhas_Viagens.xcdatamodeld */ = {
			isa = XCVersionGroup;
			children = (
				14ED2D3223A2A3E9006432DF /* Minhas_Viagens.xcdatamodel */,
			);
			currentVersion = 14ED2D3223A2A3E9006432DF /* Minhas_Viagens.xcdatamodel */;
			path = Minhas_Viagens.xcdatamodeld;
			sourceTree = "<group>";
			versionGroupType = wrapper.xcdatamodel;
		};
/* End XCVersionGroup section */
	};
	rootObject = 14ED2D1F23A2A3E8006432DF /* Project object */;
}
